
Microsoft Visual Studio Solution File, Format Version 12.00
# Visual Studio Version 17
VisualStudioVersion = 17.14.37710.0 d17.14
MinimumVisualStudioVersion = 10.0.40219.1
Project("{FAE04EC0-301F-11D3-BF4B-00C04F79EFBC}") = "dotnet-learning", "dotnet-learning\dotnet-learning.csproj", "{F4864248-9303-4CC4-9E41-3CCAD5BE5D66}"
EndProject
Global
	GlobalSection(SolutionConfigurationPlatforms) = preSolution
		Debug|Any CPU = Debug|Any CPU
		Release|Any CPU = Release|Any CPU
	EndGlobalSection
	GlobalSection(ProjectConfigurationPlatforms) = postSolution
		{F4864248-9303-4CC4-9E41-3CCAD5BE5D66}.Debug|Any CPU.ActiveCfg = Debug|Any CPU
		{F4864248-9303-4CC4-9E41-3CCAD5BE5D66}.Debug|Any CPU.Build.0 = Debug|Any CPU
		{F4864248-9303-4CC4-9E41-3CCAD5BE5D66}.Release|Any CPU.ActiveCfg = Release|Any CPU
		{F4864248-9303-4CC4-9E41-3CCAD5BE5D66}.Release|Any CPU.Build.0 = Release|Any CPU
	EndGlobalSection
	GlobalSection(SolutionProperties) = preSolution
		HideSolutionNode = FALSE
	EndGlobalSection
	GlobalSection(ExtensibilityGlobals) = postSolution
		SolutionGuid = {075CB279-14AF-473E-B860-8568277004F7}
	EndGlobalSection
EndGlobal
